{
  "name": "@swarecito/swre",
  "version": "1.0.0",
  "lockfileVersion": 2,
  "requires": true,
  "packages": {
    "": {
      "name": "@swarecito/swre",
      "version": "1.0.0",
      "license": "ISC",
      "dependencies": {
        "@swarecito/swre": "^1.0.0"
      },
      "bin": {
        "swre": "index.js"
      }
    },
    "node_modules/@swarecito/swre": {
      "version": "1.0.0",
      "resolved": "https://registry.npmjs.org/@swarecito/swre/-/swre-1.0.0.tgz",
      "integrity": "sha512-83v/oEYrw3RKq83PZG0KowKYTLU9tPmWzyhUMyffRpQBcKbvLxTwxL/n13uwH4BeZDPtoHbv7umWikvWuRU1WQ==",
      "bin": {
        "swre": "index.js"
      }
    }
  },
  "dependencies": {
    "@swarecito/swre": {
      "version": "1.0.0",
      "resolved": "https://registry.npmjs.org/@swarecito/swre/-/swre-1.0.0.tgz",
      "integrity": "sha512-83v/oEYrw3RKq83PZG0KowKYTLU9tPmWzyhUMyffRpQBcKbvLxTwxL/n13uwH4BeZDPtoHbv7umWikvWuRU1WQ=="
    }
  }
}
