{
  "name": "@swarecito/swre",
  "version": "1.0.0",
  "lockfileVersion": 2,
  "requires": true,
  "packages": {
    "": {
      "name": "@swarecito/swre",
      "version": "1.0.0",
      "license": "ISC",
      "dependencies": {
        "@swarecito/swre": "^1.0.0",
        "clear-any-console": "^1.16.2"
      },
      "bin": {
        "swre": "index.js"
      }
    },
    "node_modules/@swarecito/swre": {
      "version": "1.0.0",
      "resolved": "https://registry.npmjs.org/@swarecito/swre/-/swre-1.0.0.tgz",
      "integrity": "sha512-83v/oEYrw3RKq83PZG0KowKYTLU9tPmWzyhUMyffRpQBcKbvLxTwxL/n13uwH4BeZDPtoHbv7umWikvWuRU1WQ==",
      "bin": {
        "swre": "index.js"
      }
    },
    "node_modules/clear-any-console": {
      "version": "1.16.2",
      "resolved": "https://registry.npmjs.org/clear-any-console/-/clear-any-console-1.16.2.tgz",
      "integrity": "sha512-OL/7wZpNy9x0GBSzz3poWja84Nr7iaH8aYNsJ5Uet2BVLj6Lm1zvWpZN/yH46Vv3ae7YfHmLLMmfHj911fshJg=="
    }
  },
  "dependencies": {
    "@swarecito/swre": {
      "version": "1.0.0",
      "resolved": "https://registry.npmjs.org/@swarecito/swre/-/swre-1.0.0.tgz",
      "integrity": "sha512-83v/oEYrw3RKq83PZG0KowKYTLU9tPmWzyhUMyffRpQBcKbvLxTwxL/n13uwH4BeZDPtoHbv7umWikvWuRU1WQ=="
    },
    "clear-any-console": {
      "version": "1.16.2",
      "resolved": "https://registry.npmjs.org/clear-any-console/-/clear-any-console-1.16.2.tgz",
      "integrity": "sha512-OL/7wZpNy9x0GBSzz3poWja84Nr7iaH8aYNsJ5Uet2BVLj6Lm1zvWpZN/yH46Vv3ae7YfHmLLMmfHj911fshJg=="
    }
  }
}
